// !$*UTF8*$!
{
	archiveVersion = 1;
	classes = {
	};
	objectVersion = 46;
	objects = {

/* Begin PBXBuildFile section */
		4CEFF9E01A8C45D900A44A8C /* mainServer.c in Sources */ = {isa = PBXBuildFile; fileRef = 4CEFF9DA1A8C45D900A44A8C /* mainServer.c */; settings = {COMPILER_FLAGS = "-Wall"; }; };
		4CEFF9E21A8C45D900A44A8C /* server.c in Sources */ = {isa = PBXBuildFile; fileRef = 4CEFF9DE1A8C45D900A44A8C /* server.c */; settings = {COMPILER_FLAGS = "-Wall"; }; };
/* End PBXBuildFile section */

/* Begin PBXCopyFilesBuildPhase section */
		4CEFF9CE1A8C45B600A44A8C /* CopyFiles */ = {
			isa = PBXCopyFilesBuildPhase;
			buildActionMask = 2147483647;
			dstPath = /usr/share/man/man1/;
			dstSubfolderSpec = 0;
			files = (
			);
			runOnlyForDeploymentPostprocessing = 1;
		};
/* End PBXCopyFilesBuildPhase section */

/* Begin PBXFileReference section */
		4CEFF9D01A8C45B600A44A8C /* ProcessManagementServer */ = {isa = PBXFileReference; explicitFileType = "compiled.mach-o.executable"; includeInIndex = 0; path = ProcessManagementServer; sourceTree = BUILT_PRODUCTS_DIR; };
		4CEFF9DA1A8C45D900A44A8C /* mainServer.c */ = {isa = PBXFileReference; fileEncoding = 4; lastKnownFileType = sourcecode.c.c; name = mainServer.c; path = ../../mainServer.c; sourceTree = "<group>"; };
		4CEFF9DB1A8C45D900A44A8C /* mainserver.h */ = {isa = PBXFileReference; fileEncoding = 4; lastKnownFileType = sourcecode.c.h; name = mainserver.h; path = ../../mainserver.h; sourceTree = "<group>"; };
		4CEFF9DC1A8C45D900A44A8C /* process.c */ = {isa = PBXFileReference; fileEncoding = 4; lastKnownFileType = sourcecode.c.c; name = process.c; path = ../../process.c; sourceTree = "<group>"; };
		4CEFF9DD1A8C45D900A44A8C /* process.h */ = {isa = PBXFileReference; fileEncoding = 4; lastKnownFileType = sourcecode.c.h; name = process.h; path = ../../process.h; sourceTree = "<group>"; };
		4CEFF9DE1A8C45D900A44A8C /* server.c */ = {isa = PBXFileReference; fileEncoding = 4; lastKnownFileType = sourcecode.c.c; name = server.c; path = ../../server.c; sourceTree = "<group>"; };
		4CEFF9DF1A8C45D900A44A8C /* server.h */ = {isa = PBXFileReference; fileEncoding = 4; lastKnownFileType = sourcecode.c.h; name = server.h; path = ../../server.h; sourceTree = "<group>"; };
/* End PBXFileReference section */

/* Begin PBXFrameworksBuildPhase section */
		4CEFF9CD1A8C45B600A44A8C /* Frameworks */ = {
			isa = PBXFrameworksBuildPhase;
			buildActionMask = 2147483647;
			files = (
			);
			runOnlyForDeploymentPostprocessing = 0;
		};
/* End PBXFrameworksBuildPhase section */

/* Begin PBXGroup section */
		4CEFF9C71A8C45B600A44A8C = {
			isa = PBXGroup;
			children = (
				4CEFF9D21A8C45B600A44A8C /* ProcessManagementServer */,
				4CEFF9D11A8C45B600A44A8C /* Products */,
			);
			sourceTree = "<group>";
		};
		4CEFF9D11A8C45B600A44A8C /* Products */ = {
			isa = PBXGroup;
			children = (
				4CEFF9D01A8C45B600A44A8C /* ProcessManagementServer */,
			);
			name = Products;
			sourceTree = "<group>";
		};
		4CEFF9D21A8C45B600A44A8C /* ProcessManagementServer */ = {
			isa = PBXGroup;
			children = (
				4CEFF9DA1A8C45D900A44A8C /* mainServer.c */,
				4CEFF9DB1A8C45D900A44A8C /* mainserver.h */,
				4CEFF9DC1A8C45D900A44A8C /* process.c */,
				4CEFF9DD1A8C45D900A44A8C /* process.h */,
				4CEFF9DE1A8C45D900A44A8C /* server.c */,
				4CEFF9DF1A8C45D900A44A8C /* server.h */,
			);
			path = ProcessManagementServer;
			sourceTree = "<group>";
		};
/* End PBXGroup section */

/* Begin PBXNativeTarget section */
		4CEFF9CF1A8C45B600A44A8C /* ProcessManagementServer */ = {
			isa = PBXNativeTarget;
			buildConfigurationList = 4CEFF9D71A8C45B600A44A8C /* Build configuration list for PBXNativeTarget "ProcessManagementServer" */;
			buildPhases = (
				4CEFF9CC1A8C45B600A44A8C /* Sources */,
				4CEFF9CD1A8C45B600A44A8C /* Frameworks */,
				4CEFF9CE1A8C45B600A44A8C /* CopyFiles */,
			);
			buildRules = (
			);
			dependencies = (
			);
			name = ProcessManagementServer;
			productName = ProcessManagementServer;
			productReference = 4CEFF9D01A8C45B600A44A8C /* ProcessManagementServer */;
			productType = "com.apple.product-type.tool";
		};
/* End PBXNativeTarget section */

/* Begin PBXProject section */
		4CEFF9C81A8C45B600A44A8C /* Project object */ = {
			isa = PBXProject;
			attributes = {
				LastUpgradeCheck = 0610;
				ORGANIZATIONNAME = "hartung-michael";
				TargetAttributes = {
					4CEFF9CF1A8C45B600A44A8C = {
						CreatedOnToolsVersion = 6.1.1;
					};
				};
			};
			buildConfigurationList = 4CEFF9CB1A8C45B600A44A8C /* Build configuration list for PBXProject "ProcessManagementServer" */;
			compatibilityVersion = "Xcode 3.2";
			developmentRegion = English;
			hasScannedForEncodings = 0;
			knownRegions = (
				en,
			);
			mainGroup = 4CEFF9C71A8C45B600A44A8C;
			productRefGroup = 4CEFF9D11A8C45B600A44A8C /* Products */;
			projectDirPath = "";
			projectRoot = "";
			targets = (
				4CEFF9CF1A8C45B600A44A8C /* ProcessManagementServer */,
			);
		};
/* End PBXProject section */

/* Begin PBXSourcesBuildPhase section */
		4CEFF9CC1A8C45B600A44A8C /* Sources */ = {
			isa = PBXSourcesBuildPhase;
			buildActionMask = 2147483647;
			files = (
				4CEFF9E21A8C45D900A44A8C /* server.c in Sources */,
				4CEFF9E01A8C45D900A44A8C /* mainServer.c in Sources */,
			);
			runOnlyForDeploymentPostprocessing = 0;
		};
/* End PBXSourcesBuildPhase section */

/* Begin XCBuildConfiguration section */
		4CEFF9D51A8C45B600A44A8C /* Debug */ = {
			isa = XCBuildConfiguration;
			buildSettings = {
				ALWAYS_SEARCH_USER_PATHS = NO;
				CLANG_CXX_LANGUAGE_STANDARD = "gnu++0x";
				CLANG_CXX_LIBRARY = "libc++";
				CLANG_ENABLE_MODULES = YES;
				CLANG_ENABLE_OBJC_ARC = YES;
				CLANG_WARN_BOOL_CONVERSION = YES;
				CLANG_WARN_CONSTANT_CONVERSION = YES;
				CLANG_WARN_DIRECT_OBJC_ISA_USAGE = YES_ERROR;
				CLANG_WARN_EMPTY_BODY = YES;
				CLANG_WARN_ENUM_CONVERSION = YES;
				CLANG_WARN_INT_CONVERSION = YES;
				CLANG_WARN_OBJC_ROOT_CLASS = YES_ERROR;
				CLANG_WARN_UNREACHABLE_CODE = YES;
				CLANG_WARN__DUPLICATE_METHOD_MATCH = YES;
				COPY_PHASE_STRIP = NO;
				ENABLE_STRICT_OBJC_MSGSEND = YES;
				GCC_C_LANGUAGE_STANDARD = gnu99;
				GCC_DYNAMIC_NO_PIC = NO;
				GCC_OPTIMIZATION_LEVEL = 0;
				GCC_PREPROCESSOR_DEFINITIONS = (
					"DEBUG=1",
					"$(inherited)",
				);
				GCC_SYMBOLS_PRIVATE_EXTERN = NO;
				GCC_WARN_64_TO_32_BIT_CONVERSION = YES;
				GCC_WARN_ABOUT_RETURN_TYPE = YES_ERROR;
				GCC_WARN_UNDECLARED_SELECTOR = YES;
				GCC_WARN_UNINITIALIZED_AUTOS = YES_AGGRESSIVE;
				GCC_WARN_UNUSED_FUNCTION = YES;
				GCC_WARN_UNUSED_VARIABLE = YES;
				MACOSX_DEPLOYMENT_TARGET = 10.10;
				MTL_ENABLE_DEBUG_INFO = YES;
				ONLY_ACTIVE_ARCH = YES;
				SDKROOT = macosx;
			};
			name = Debug;
		};
		4CEFF9D61A8C45B600A44A8C /* Release */ = {
			isa = XCBuildConfiguration;
			buildSettings = {
				ALWAYS_SEARCH_USER_PATHS = NO;
				CLANG_CXX_LANGUAGE_STANDARD = "gnu++0x";
				CLANG_CXX_LIBRARY = "libc++";
				CLANG_ENABLE_MODULES = YES;
				CLANG_ENABLE_OBJC_ARC = YES;
				CLANG_WARN_BOOL_CONVERSION = YES;
				CLANG_WARN_CONSTANT_CONVERSION = YES;
				CLANG_WARN_DIRECT_OBJC_ISA_USAGE = YES_ERROR;
				CLANG_WARN_EMPTY_BODY = YES;
				CLANG_WARN_ENUM_CONVERSION = YES;
				CLANG_WARN_INT_CONVERSION = YES;
				CLANG_WARN_OBJC_ROOT_CLASS = YES_ERROR;
				CLANG_WARN_UNREACHABLE_CODE = YES;
				CLANG_WARN__DUPLICATE_METHOD_MATCH = YES;
				COPY_PHASE_STRIP = YES;
				DEBUG_INFORMATION_FORMAT = "dwarf-with-dsym";
				ENABLE_NS_ASSERTIONS = NO;
				ENABLE_STRICT_OBJC_MSGSEND = YES;
				GCC_C_LANGUAGE_STANDARD = gnu99;
				GCC_WARN_64_TO_32_BIT_CONVERSION = YES;
				GCC_WARN_ABOUT_RETURN_TYPE = YES_ERROR;
				GCC_WARN_UNDECLARED_SELECTOR = YES;
				GCC_WARN_UNINITIALIZED_AUTOS = YES_AGGRESSIVE;
				GCC_WARN_UNUSED_FUNCTION = YES;
				GCC_WARN_UNUSED_VARIABLE = YES;
				MACOSX_DEPLOYMENT_TARGET = 10.10;
				MTL_ENABLE_DEBUG_INFO = NO;
				SDKROOT = macosx;
			};
			name = Release;
		};
		4CEFF9D81A8C45B600A44A8C /* Debug */ = {
			isa = XCBuildConfiguration;
			buildSettings = {
				PRODUCT_NAME = "$(TARGET_NAME)";
			};
			name = Debug;
		};
		4CEFF9D91A8C45B600A44A8C /* Release */ = {
			isa = XCBuildConfiguration;
			buildSettings = {
				PRODUCT_NAME = "$(TARGET_NAME)";
			};
			name = Release;
		};
/* End XCBuildConfiguration section */

/* Begin XCConfigurationList section */
		4CEFF9CB1A8C45B600A44A8C /* Build configuration list for PBXProject "ProcessManagementServer" */ = {
			isa = XCConfigurationList;
			buildConfigurations = (
				4CEFF9D51A8C45B600A44A8C /* Debug */,
				4CEFF9D61A8C45B600A44A8C /* Release */,
			);
			defaultConfigurationIsVisible = 0;
			defaultConfigurationName = Release;
		};
		4CEFF9D71A8C45B600A44A8C /* Build configuration list for PBXNativeTarget "ProcessManagementServer" */ = {
			isa = XCConfigurationList;
			buildConfigurations = (
				4CEFF9D81A8C45B600A44A8C /* Debug */,
				4CEFF9D91A8C45B600A44A8C /* Release */,
			);
			defaultConfigurationIsVisible = 0;
		};
/* End XCConfigurationList section */
	};
	rootObject = 4CEFF9C81A8C45B600A44A8C /* Project object */;
}
